
Microsoft Visual Studio Solution File, Format Version 12.00
# Visual Studio Version 17
VisualStudioVersion = 17.4.33205.214
MinimumVisualStudioVersion = 10.0.40219.1
Project("{FAE04EC0-301F-11D3-BF4B-00C04F79EFBC}") = "iseseisevtöö_3variant", "iseseisevtöö_3variant\iseseisevtöö_3variant.csproj", "{3EC315BE-1DCA-4BD4-89B2-18256D50E5C0}"
EndProject
Global
	GlobalSection(SolutionConfigurationPlatforms) = preSolution
		Debug|Any CPU = Debug|Any CPU
		Release|Any CPU = Release|Any CPU
	EndGlobalSection
	GlobalSection(ProjectConfigurationPlatforms) = postSolution
		{3EC315BE-1DCA-4BD4-89B2-18256D50E5C0}.Debug|Any CPU.ActiveCfg = Debug|Any CPU
		{3EC315BE-1DCA-4BD4-89B2-18256D50E5C0}.Debug|Any CPU.Build.0 = Debug|Any CPU
		{3EC315BE-1DCA-4BD4-89B2-18256D50E5C0}.Release|Any CPU.ActiveCfg = Release|Any CPU
		{3EC315BE-1DCA-4BD4-89B2-18256D50E5C0}.Release|Any CPU.Build.0 = Release|Any CPU
	EndGlobalSection
	GlobalSection(SolutionProperties) = preSolution
		HideSolutionNode = FALSE
	EndGlobalSection
	GlobalSection(ExtensibilityGlobals) = postSolution
		SolutionGuid = {06C36F6E-56DB-4176-A89C-A5F67670B960}
	EndGlobalSection
EndGlobal
